
Microsoft Visual Studio Solution File, Format Version 12.00
# Visual Studio Version 16
VisualStudioVersion = 16.0.31005.135
MinimumVisualStudioVersion = 10.0.40219.1
Project("{FAE04EC0-301F-11D3-BF4B-00C04F79EFBC}") = "ExeFinder", "ExeFinder\ExeFinder.csproj", "{5A66CF00-F3FE-47D6-BB7F-D67231DCE21D}"
EndProject
Global
	GlobalSection(SolutionConfigurationPlatforms) = preSolution
		Debug|Any CPU = Debug|Any CPU
		Release|Any CPU = Release|Any CPU
	EndGlobalSection
	GlobalSection(ProjectConfigurationPlatforms) = postSolution
		{5A66CF00-F3FE-47D6-BB7F-D67231DCE21D}.Debug|Any CPU.ActiveCfg = Debug|Any CPU
		{5A66CF00-F3FE-47D6-BB7F-D67231DCE21D}.Debug|Any CPU.Build.0 = Debug|Any CPU
		{5A66CF00-F3FE-47D6-BB7F-D67231DCE21D}.Release|Any CPU.ActiveCfg = Release|Any CPU
		{5A66CF00-F3FE-47D6-BB7F-D67231DCE21D}.Release|Any CPU.Build.0 = Release|Any CPU
	EndGlobalSection
	GlobalSection(SolutionProperties) = preSolution
		HideSolutionNode = FALSE
	EndGlobalSection
	GlobalSection(ExtensibilityGlobals) = postSolution
		SolutionGuid = {7FEE317B-5307-467C-80FA-26367DE397E4}
	EndGlobalSection
EndGlobal
